
Microsoft Visual Studio Solution File, Format Version 12.00
# Visual Studio 2013
VisualStudioVersion = 12.0.40629.0
MinimumVisualStudioVersion = 10.0.40219.1
Project("{FAE04EC0-301F-11D3-BF4B-00C04F79EFBC}") = "Account", "Account\Account.csproj", "{3DC32975-32C5-44A8-A4DF-36C14849DDF2}"
EndProject
Project("{FAE04EC0-301F-11D3-BF4B-00C04F79EFBC}") = "Account.BLL", "Account.BLL\Account.BLL.csproj", "{844FE35B-31F7-41A7-A2BF-32B3D23429B0}"
EndProject
Project("{FAE04EC0-301F-11D3-BF4B-00C04F79EFBC}") = "Account.DAL", "Account.DAL\Account.DAL.csproj", "{6C7012E6-315C-45B5-BB65-C7F50A91D053}"
EndProject
Project("{FAE04EC0-301F-11D3-BF4B-00C04F79EFBC}") = "Account.Entity", "Account.Entity\Account.Entity.csproj", "{08166CBC-76BF-43FD-AD94-6CCE837EF4B5}"
EndProject
Project("{FAE04EC0-301F-11D3-BF4B-00C04F79EFBC}") = "Account.Test", "Account.Test\Account.Test.csproj", "{27640416-114E-4E07-94CA-57A1EDEDEEBB}"
EndProject
Project("{FAE04EC0-301F-11D3-BF4B-00C04F79EFBC}") = "Account.Common", "Account.Common\Account.Common.csproj", "{38A6AB79-8996-40AF-B67A-62920117180B}"
EndProject
Project("{FAE04EC0-301F-11D3-BF4B-00C04F79EFBC}") = "VueFE", "VueFE\VueFE.csproj", "{AECE96C6-4DD1-4A41-8E2B-6DCC66B03663}"
EndProject
Project("{FAE04EC0-301F-11D3-BF4B-00C04F79EFBC}") = "KnockoutFE", "KnockoutFE\KnockoutFE.csproj", "{6C15F0BE-1158-4082-A300-C4043084DD14}"
EndProject
Global
	GlobalSection(SolutionConfigurationPlatforms) = preSolution
		Debug|Any CPU = Debug|Any CPU
		Release|Any CPU = Release|Any CPU
	EndGlobalSection
	GlobalSection(ProjectConfigurationPlatforms) = postSolution
		{3DC32975-32C5-44A8-A4DF-36C14849DDF2}.Debug|Any CPU.ActiveCfg = Debug|Any CPU
		{3DC32975-32C5-44A8-A4DF-36C14849DDF2}.Debug|Any CPU.Build.0 = Debug|Any CPU
		{3DC32975-32C5-44A8-A4DF-36C14849DDF2}.Release|Any CPU.ActiveCfg = Release|Any CPU
		{3DC32975-32C5-44A8-A4DF-36C14849DDF2}.Release|Any CPU.Build.0 = Release|Any CPU
		{844FE35B-31F7-41A7-A2BF-32B3D23429B0}.Debug|Any CPU.ActiveCfg = Debug|Any CPU
		{844FE35B-31F7-41A7-A2BF-32B3D23429B0}.Debug|Any CPU.Build.0 = Debug|Any CPU
		{844FE35B-31F7-41A7-A2BF-32B3D23429B0}.Release|Any CPU.ActiveCfg = Release|Any CPU
		{844FE35B-31F7-41A7-A2BF-32B3D23429B0}.Release|Any CPU.Build.0 = Release|Any CPU
		{6C7012E6-315C-45B5-BB65-C7F50A91D053}.Debug|Any CPU.ActiveCfg = Debug|Any CPU
		{6C7012E6-315C-45B5-BB65-C7F50A91D053}.Debug|Any CPU.Build.0 = Debug|Any CPU
		{6C7012E6-315C-45B5-BB65-C7F50A91D053}.Release|Any CPU.ActiveCfg = Release|Any CPU
		{6C7012E6-315C-45B5-BB65-C7F50A91D053}.Release|Any CPU.Build.0 = Release|Any CPU
		{08166CBC-76BF-43FD-AD94-6CCE837EF4B5}.Debug|Any CPU.ActiveCfg = Debug|Any CPU
		{08166CBC-76BF-43FD-AD94-6CCE837EF4B5}.Debug|Any CPU.Build.0 = Debug|Any CPU
		{08166CBC-76BF-43FD-AD94-6CCE837EF4B5}.Release|Any CPU.ActiveCfg = Release|Any CPU
		{08166CBC-76BF-43FD-AD94-6CCE837EF4B5}.Release|Any CPU.Build.0 = Release|Any CPU
		{27640416-114E-4E07-94CA-57A1EDEDEEBB}.Debug|Any CPU.ActiveCfg = Debug|Any CPU
		{27640416-114E-4E07-94CA-57A1EDEDEEBB}.Debug|Any CPU.Build.0 = Debug|Any CPU
		{27640416-114E-4E07-94CA-57A1EDEDEEBB}.Release|Any CPU.ActiveCfg = Release|Any CPU
		{27640416-114E-4E07-94CA-57A1EDEDEEBB}.Release|Any CPU.Build.0 = Release|Any CPU
		{38A6AB79-8996-40AF-B67A-62920117180B}.Debug|Any CPU.ActiveCfg = Debug|Any CPU
		{38A6AB79-8996-40AF-B67A-62920117180B}.Debug|Any CPU.Build.0 = Debug|Any CPU
		{38A6AB79-8996-40AF-B67A-62920117180B}.Release|Any CPU.ActiveCfg = Release|Any CPU
		{38A6AB79-8996-40AF-B67A-62920117180B}.Release|Any CPU.Build.0 = Release|Any CPU
		{AECE96C6-4DD1-4A41-8E2B-6DCC66B03663}.Debug|Any CPU.ActiveCfg = Debug|Any CPU
		{AECE96C6-4DD1-4A41-8E2B-6DCC66B03663}.Debug|Any CPU.Build.0 = Debug|Any CPU
		{AECE96C6-4DD1-4A41-8E2B-6DCC66B03663}.Release|Any CPU.ActiveCfg = Release|Any CPU
		{AECE96C6-4DD1-4A41-8E2B-6DCC66B03663}.Release|Any CPU.Build.0 = Release|Any CPU
		{6C15F0BE-1158-4082-A300-C4043084DD14}.Debug|Any CPU.ActiveCfg = Debug|Any CPU
		{6C15F0BE-1158-4082-A300-C4043084DD14}.Debug|Any CPU.Build.0 = Debug|Any CPU
		{6C15F0BE-1158-4082-A300-C4043084DD14}.Release|Any CPU.ActiveCfg = Release|Any CPU
		{6C15F0BE-1158-4082-A300-C4043084DD14}.Release|Any CPU.Build.0 = Release|Any CPU
	EndGlobalSection
	GlobalSection(SolutionProperties) = preSolution
		HideSolutionNode = FALSE
	EndGlobalSection
EndGlobal
